
Microsoft Visual Studio Solution File, Format Version 12.00
# Visual Studio Version 16
VisualStudioVersion = 16.0.30503.244
MinimumVisualStudioVersion = 10.0.40219.1
Project("{9A19103F-16F7-4668-BE54-9A1E7A4F7556}") = "OdeToFood.Blue.Data", "OdeToFood.Blue.Data\OdeToFood.Blue.Data.csproj", "{427ECBCE-B0AB-4E06-AA91-6AD0D7B7C5D1}"
EndProject
Project("{9A19103F-16F7-4668-BE54-9A1E7A4F7556}") = "OdeToFood.Blue.Core", "OdeToFood.Blue.Core\OdeToFood.Blue.Core.csproj", "{744D436B-4CCF-431F-AF46-C53FD01F9961}"
EndProject
Project("{9A19103F-16F7-4668-BE54-9A1E7A4F7556}") = "OdeToFood.Blue.App", "OdeToFood.Blue.App\OdeToFood.Blue.App.csproj", "{AFBB8D8F-03AD-482F-80F5-FBE617738222}"
EndProject
Global
	GlobalSection(SolutionConfigurationPlatforms) = preSolution
		Debug|Any CPU = Debug|Any CPU
		Release|Any CPU = Release|Any CPU
	EndGlobalSection
	GlobalSection(ProjectConfigurationPlatforms) = postSolution
		{427ECBCE-B0AB-4E06-AA91-6AD0D7B7C5D1}.Debug|Any CPU.ActiveCfg = Debug|Any CPU
		{427ECBCE-B0AB-4E06-AA91-6AD0D7B7C5D1}.Debug|Any CPU.Build.0 = Debug|Any CPU
		{427ECBCE-B0AB-4E06-AA91-6AD0D7B7C5D1}.Release|Any CPU.ActiveCfg = Release|Any CPU
		{427ECBCE-B0AB-4E06-AA91-6AD0D7B7C5D1}.Release|Any CPU.Build.0 = Release|Any CPU
		{744D436B-4CCF-431F-AF46-C53FD01F9961}.Debug|Any CPU.ActiveCfg = Debug|Any CPU
		{744D436B-4CCF-431F-AF46-C53FD01F9961}.Debug|Any CPU.Build.0 = Debug|Any CPU
		{744D436B-4CCF-431F-AF46-C53FD01F9961}.Release|Any CPU.ActiveCfg = Release|Any CPU
		{744D436B-4CCF-431F-AF46-C53FD01F9961}.Release|Any CPU.Build.0 = Release|Any CPU
		{AFBB8D8F-03AD-482F-80F5-FBE617738222}.Debug|Any CPU.ActiveCfg = Debug|Any CPU
		{AFBB8D8F-03AD-482F-80F5-FBE617738222}.Debug|Any CPU.Build.0 = Debug|Any CPU
		{AFBB8D8F-03AD-482F-80F5-FBE617738222}.Release|Any CPU.ActiveCfg = Release|Any CPU
		{AFBB8D8F-03AD-482F-80F5-FBE617738222}.Release|Any CPU.Build.0 = Release|Any CPU
	EndGlobalSection
	GlobalSection(SolutionProperties) = preSolution
		HideSolutionNode = FALSE
	EndGlobalSection
	GlobalSection(ExtensibilityGlobals) = postSolution
		SolutionGuid = {94A508F2-DE0E-4078-BCE9-5108B735FA59}
	EndGlobalSection
EndGlobal
